
Microsoft Visual Studio Solution File, Format Version 12.00
# Visual Studio Version 16
VisualStudioVersion = 16.0.31019.35
MinimumVisualStudioVersion = 10.0.40219.1
Project("{FAE04EC0-301F-11D3-BF4B-00C04F79EFBC}") = "ProjExercicio01032021", "ProjExercicio01032021\ProjExercicio01032021.csproj", "{898BD367-A9D2-4811-86C6-D6EB70739FB4}"
EndProject
Global
	GlobalSection(SolutionConfigurationPlatforms) = preSolution
		Debug|Any CPU = Debug|Any CPU
		Release|Any CPU = Release|Any CPU
	EndGlobalSection
	GlobalSection(ProjectConfigurationPlatforms) = postSolution
		{898BD367-A9D2-4811-86C6-D6EB70739FB4}.Debug|Any CPU.ActiveCfg = Debug|Any CPU
		{898BD367-A9D2-4811-86C6-D6EB70739FB4}.Debug|Any CPU.Build.0 = Debug|Any CPU
		{898BD367-A9D2-4811-86C6-D6EB70739FB4}.Release|Any CPU.ActiveCfg = Release|Any CPU
		{898BD367-A9D2-4811-86C6-D6EB70739FB4}.Release|Any CPU.Build.0 = Release|Any CPU
	EndGlobalSection
	GlobalSection(SolutionProperties) = preSolution
		HideSolutionNode = FALSE
	EndGlobalSection
	GlobalSection(ExtensibilityGlobals) = postSolution
		SolutionGuid = {3A741F34-0FF6-42CE-8738-5EDEE485DDCB}
	EndGlobalSection
EndGlobal
